---
lockfileVersion: 1
lockfileVendor: redhat
arches:
- arch: aarch64
  packages:
  - url: https://cdn-ubi.redhat.com/content/public/ubi/dist/ubi9/9/aarch64/baseos/os/Packages/o/openssl-fips-provider-3.0.7-11.el9_8.aarch64.rpm
    repoid: ubi-9-baseos-rpms
    size: 14220
    checksum: sha256:158193d2f965db318148ec76e9347b530ac1f5379d849012c0a04d3c50cda478
    name: openssl-fips-provider
    evr: 3.0.7-11.el9_8
    sourcerpm: openssl-fips-provider-3.0.7-11.el9_8.src.rpm
  - url: https://cdn-ubi.redhat.com/content/public/ubi/dist/ubi9/9/aarch64/baseos/os/Packages/o/openssl-fips-provider-so-3.0.7-11.el9_8.aarch64.rpm
    repoid: ubi-9-baseos-rpms
    size: 529340
    checksum: sha256:22374a51f8a529dcfcf3b3ebbb2095103e0e811a28953535e5a62e26d1233301
    name: openssl-fips-provider-so
    evr: 3.0.7-11.el9_8
    sourcerpm: openssl-fips-provider-3.0.7-11.el9_8.src.rpm
  source: []
  module_metadata: []
- arch: x86_64
  packages:
  - url: https://cdn-ubi.redhat.com/content/public/ubi/dist/ubi9/9/x86_64/baseos/os/Packages/o/openssl-fips-provider-3.0.7-11.el9_8.x86_64.rpm
    repoid: ubi-9-baseos-rpms
    size: 14256
    checksum: sha256:c00860e9c5a1d90488aa2eb65fe41f62926b38c6b3669d331a8b97e4a60223ac
    name: openssl-fips-provider
    evr: 3.0.7-11.el9_8
    sourcerpm: openssl-fips-provider-3.0.7-11.el9_8.src.rpm
  - url: https://cdn-ubi.redhat.com/content/public/ubi/dist/ubi9/9/x86_64/baseos/os/Packages/o/openssl-fips-provider-so-3.0.7-11.el9_8.x86_64.rpm
    repoid: ubi-9-baseos-rpms
    size: 595008
    checksum: sha256:60d36ad3a67d6b00e67bb0a19c0902fbb2ecdd873cf7f280a3039d04a092790c
    name: openssl-fips-provider-so
    evr: 3.0.7-11.el9_8
    sourcerpm: openssl-fips-provider-3.0.7-11.el9_8.src.rpm
  source: []
  module_metadata: []
